{
  "requires": true,
  "lockfileVersion": 1,
  "dependencies": {
    "alertifyjs": {
      "version": "1.11.4",
      "resolved": "https://registry.npmjs.org/alertifyjs/-/alertifyjs-1.11.4.tgz",
      "integrity": "sha512-yB+6MxhV1K6o5aOwm/eCd7vZca/T2nU0maANicAR+JthxSFG18jnAEARnfiDQIVJ3gkBhvGTTTiRYmThH8cRrQ=="
    },
    "angular": {
      "version": "1.7.8",
      "resolved": "https://registry.npmjs.org/angular/-/angular-1.7.8.tgz",
      "integrity": "sha512-wtef/y4COxM7ZVhddd7JtAAhyYObq9YXKar9tsW7558BImeVYteJiTxCKeJOL45lJ/+7B4wrAC49j8gTFYEthg=="
    },
    "angular-animate": {
      "version": "1.7.8",
      "resolved": "https://registry.npmjs.org/angular-animate/-/angular-animate-1.7.8.tgz",
      "integrity": "sha512-bINtzizq7TbJzfVrDpwLfTxVl0Qd7fRNWFb5jKYI1vaFZobQNX/QONXlLow6ySsDbZ6eLECycB7mvWtfh1YYaw=="
    },
    "angular-touch": {
      "version": "1.7.8",
      "resolved": "https://registry.npmjs.org/angular-touch/-/angular-touch-1.7.8.tgz",
      "integrity": "sha512-YCpirIDueMIRJfSZg0glzqTfr3HyGx0/DeZorN3TkFelYj0YwxvwldQm2NcqpQR3SNfEj7ZbkcrXl1ekTILQOw=="
    },
    "ui-bootstrap4": {
      "version": "3.0.6",
      "resolved": "https://registry.npmjs.org/ui-bootstrap4/-/ui-bootstrap4-3.0.6.tgz",
      "integrity": "sha512-Kh38WAu/S8EiyKRMaATkFjsbQplJHvP+g2lxitE5SbjQTDieua8T7d+mQNxbxTjfmJqGtVzsHQCHRmBVdKPeOg=="
    }
  }
}
